
Microsoft Visual Studio Solution File, Format Version 12.00
# Visual Studio 15
VisualStudioVersion = 15.0.28010.2026
MinimumVisualStudioVersion = 10.0.40219.1
Project("{FAE04EC0-301F-11D3-BF4B-00C04F79EFBC}") = "GraMonolitycznie", "GraMonolitycznie\GraMonolitycznie.csproj", "{6E848F7B-2465-4F49-9A47-6227E5184262}"
EndProject
Global
	GlobalSection(SolutionConfigurationPlatforms) = preSolution
		Debug|Any CPU = Debug|Any CPU
		Release|Any CPU = Release|Any CPU
	EndGlobalSection
	GlobalSection(ProjectConfigurationPlatforms) = postSolution
		{6E848F7B-2465-4F49-9A47-6227E5184262}.Debug|Any CPU.ActiveCfg = Debug|Any CPU
		{6E848F7B-2465-4F49-9A47-6227E5184262}.Debug|Any CPU.Build.0 = Debug|Any CPU
		{6E848F7B-2465-4F49-9A47-6227E5184262}.Release|Any CPU.ActiveCfg = Release|Any CPU
		{6E848F7B-2465-4F49-9A47-6227E5184262}.Release|Any CPU.Build.0 = Release|Any CPU
	EndGlobalSection
	GlobalSection(SolutionProperties) = preSolution
		HideSolutionNode = FALSE
	EndGlobalSection
	GlobalSection(ExtensibilityGlobals) = postSolution
		SolutionGuid = {60A8AD02-860C-41AB-AB6B-C2ADD50C2318}
	EndGlobalSection
EndGlobal
