
Microsoft Visual Studio Solution File, Format Version 12.00
# Visual Studio 15
VisualStudioVersion = 15.0.28010.2026
MinimumVisualStudioVersion = 10.0.40219.1
Project("{FAE04EC0-301F-11D3-BF4B-00C04F79EFBC}") = "GraMonolitycznie", "GraMonolitycznie\GraMonolitycznie.csproj", "{6E848F7B-2465-4F49-9A47-6227E5184262}"
EndProject
Project("{FAE04EC0-301F-11D3-BF4B-00C04F79EFBC}") = "Gra proceduralnie", "Gra proceduralnie\Gra proceduralnie.csproj", "{85775993-2FCC-426C-887A-3D8C9D8CFE98}"
EndProject
Project("{FAE04EC0-301F-11D3-BF4B-00C04F79EFBC}") = "ModelGry", "ModelGry\ModelGry.csproj", "{906D4548-6F67-4850-8C7B-9F117B6259AB}"
EndProject
Project("{FAE04EC0-301F-11D3-BF4B-00C04F79EFBC}") = "ConsoleAppTestModelGry", "ConsoleAppTestModelGry\ConsoleAppTestModelGry.csproj", "{A72587D8-0A3A-429C-ADAF-CB02359E27AB}"
EndProject
Project("{FAE04EC0-301F-11D3-BF4B-00C04F79EFBC}") = "UnitTestProjectModelGry", "UnitTestProjectModelGry\UnitTestProjectModelGry.csproj", "{63F71DD2-3F0C-4E92-90DF-73F85C3EB6F8}"
EndProject
Global
	GlobalSection(SolutionConfigurationPlatforms) = preSolution
		Debug|Any CPU = Debug|Any CPU
		Release|Any CPU = Release|Any CPU
	EndGlobalSection
	GlobalSection(ProjectConfigurationPlatforms) = postSolution
		{6E848F7B-2465-4F49-9A47-6227E5184262}.Debug|Any CPU.ActiveCfg = Debug|Any CPU
		{6E848F7B-2465-4F49-9A47-6227E5184262}.Debug|Any CPU.Build.0 = Debug|Any CPU
		{6E848F7B-2465-4F49-9A47-6227E5184262}.Release|Any CPU.ActiveCfg = Release|Any CPU
		{6E848F7B-2465-4F49-9A47-6227E5184262}.Release|Any CPU.Build.0 = Release|Any CPU
		{85775993-2FCC-426C-887A-3D8C9D8CFE98}.Debug|Any CPU.ActiveCfg = Debug|Any CPU
		{85775993-2FCC-426C-887A-3D8C9D8CFE98}.Debug|Any CPU.Build.0 = Debug|Any CPU
		{85775993-2FCC-426C-887A-3D8C9D8CFE98}.Release|Any CPU.ActiveCfg = Release|Any CPU
		{85775993-2FCC-426C-887A-3D8C9D8CFE98}.Release|Any CPU.Build.0 = Release|Any CPU
		{906D4548-6F67-4850-8C7B-9F117B6259AB}.Debug|Any CPU.ActiveCfg = Debug|Any CPU
		{906D4548-6F67-4850-8C7B-9F117B6259AB}.Debug|Any CPU.Build.0 = Debug|Any CPU
		{906D4548-6F67-4850-8C7B-9F117B6259AB}.Release|Any CPU.ActiveCfg = Release|Any CPU
		{906D4548-6F67-4850-8C7B-9F117B6259AB}.Release|Any CPU.Build.0 = Release|Any CPU
		{A72587D8-0A3A-429C-ADAF-CB02359E27AB}.Debug|Any CPU.ActiveCfg = Debug|Any CPU
		{A72587D8-0A3A-429C-ADAF-CB02359E27AB}.Debug|Any CPU.Build.0 = Debug|Any CPU
		{A72587D8-0A3A-429C-ADAF-CB02359E27AB}.Release|Any CPU.ActiveCfg = Release|Any CPU
		{A72587D8-0A3A-429C-ADAF-CB02359E27AB}.Release|Any CPU.Build.0 = Release|Any CPU
		{63F71DD2-3F0C-4E92-90DF-73F85C3EB6F8}.Debug|Any CPU.ActiveCfg = Debug|Any CPU
		{63F71DD2-3F0C-4E92-90DF-73F85C3EB6F8}.Debug|Any CPU.Build.0 = Debug|Any CPU
		{63F71DD2-3F0C-4E92-90DF-73F85C3EB6F8}.Release|Any CPU.ActiveCfg = Release|Any CPU
		{63F71DD2-3F0C-4E92-90DF-73F85C3EB6F8}.Release|Any CPU.Build.0 = Release|Any CPU
	EndGlobalSection
	GlobalSection(SolutionProperties) = preSolution
		HideSolutionNode = FALSE
	EndGlobalSection
	GlobalSection(ExtensibilityGlobals) = postSolution
		SolutionGuid = {60A8AD02-860C-41AB-AB6B-C2ADD50C2318}
	EndGlobalSection
EndGlobal
